
Microsoft Visual Studio Solution File, Format Version 12.00
# Visual Studio Version 17
VisualStudioVersion = 17.12.35527.113
MinimumVisualStudioVersion = 10.0.40219.1
Project("{FAE04EC0-301F-11D3-BF4B-00C04F79EFBC}") = "JewelryStore.Web", "JewelryStore.Web\JewelryStore.Web.csproj", "{A34BC358-113D-4C84-A045-8D89202ADA8B}"
EndProject
Project("{FAE04EC0-301F-11D3-BF4B-00C04F79EFBC}") = "JewelryStore.Domain", "JewelryStore.Domain\JewelryStore.Domain.csproj", "{6FA1EFC4-E585-497B-B03E-58B1D9A0CA9A}"
EndProject
Project("{FAE04EC0-301F-11D3-BF4B-00C04F79EFBC}") = "JewelryStore.Application", "JewelryStore.Application\JewelryStore.Application.csproj", "{C99D60A1-68E5-4E07-915D-80948F967743}"
EndProject
Project("{FAE04EC0-301F-11D3-BF4B-00C04F79EFBC}") = "JewelryStore.Infrastructure", "JewelryStore.Infrastructure\JewelryStore.Infrastructure.csproj", "{83271273-B5BD-44AD-BB6D-A67B8D5AD105}"
EndProject
Global
	GlobalSection(SolutionConfigurationPlatforms) = preSolution
		Debug|Any CPU = Debug|Any CPU
		Release|Any CPU = Release|Any CPU
	EndGlobalSection
	GlobalSection(ProjectConfigurationPlatforms) = postSolution
		{A34BC358-113D-4C84-A045-8D89202ADA8B}.Debug|Any CPU.ActiveCfg = Debug|Any CPU
		{A34BC358-113D-4C84-A045-8D89202ADA8B}.Debug|Any CPU.Build.0 = Debug|Any CPU
		{A34BC358-113D-4C84-A045-8D89202ADA8B}.Release|Any CPU.ActiveCfg = Release|Any CPU
		{A34BC358-113D-4C84-A045-8D89202ADA8B}.Release|Any CPU.Build.0 = Release|Any CPU
		{6FA1EFC4-E585-497B-B03E-58B1D9A0CA9A}.Debug|Any CPU.ActiveCfg = Debug|Any CPU
		{6FA1EFC4-E585-497B-B03E-58B1D9A0CA9A}.Debug|Any CPU.Build.0 = Debug|Any CPU
		{6FA1EFC4-E585-497B-B03E-58B1D9A0CA9A}.Release|Any CPU.ActiveCfg = Release|Any CPU
		{6FA1EFC4-E585-497B-B03E-58B1D9A0CA9A}.Release|Any CPU.Build.0 = Release|Any CPU
		{C99D60A1-68E5-4E07-915D-80948F967743}.Debug|Any CPU.ActiveCfg = Debug|Any CPU
		{C99D60A1-68E5-4E07-915D-80948F967743}.Debug|Any CPU.Build.0 = Debug|Any CPU
		{C99D60A1-68E5-4E07-915D-80948F967743}.Release|Any CPU.ActiveCfg = Release|Any CPU
		{C99D60A1-68E5-4E07-915D-80948F967743}.Release|Any CPU.Build.0 = Release|Any CPU
		{83271273-B5BD-44AD-BB6D-A67B8D5AD105}.Debug|Any CPU.ActiveCfg = Debug|Any CPU
		{83271273-B5BD-44AD-BB6D-A67B8D5AD105}.Debug|Any CPU.Build.0 = Debug|Any CPU
		{83271273-B5BD-44AD-BB6D-A67B8D5AD105}.Release|Any CPU.ActiveCfg = Release|Any CPU
		{83271273-B5BD-44AD-BB6D-A67B8D5AD105}.Release|Any CPU.Build.0 = Release|Any CPU
	EndGlobalSection
	GlobalSection(SolutionProperties) = preSolution
		HideSolutionNode = FALSE
	EndGlobalSection
EndGlobal
